// !$*UTF8*$!
{
	archiveVersion = 1;
	classes = {
	};
	objectVersion = 46;
	objects = {

/* Begin PBXBuildFile section */
		9AE394691C020F8C00FAB1F8 /* main.m in Sources */ = {isa = PBXBuildFile; fileRef = 9AE394681C020F8C00FAB1F8 /* main.m */; };
		9AE3946C1C020F8C00FAB1F8 /* AppDelegate.m in Sources */ = {isa = PBXBuildFile; fileRef = 9AE3946B1C020F8C00FAB1F8 /* AppDelegate.m */; };
		9AE3946F1C020F8C00FAB1F8 /* ViewController.m in Sources */ = {isa = PBXBuildFile; fileRef = 9AE3946E1C020F8C00FAB1F8 /* ViewController.m */; };
		9AE394721C020F8C00FAB1F8 /* Main.storyboard in Resources */ = {isa = PBXBuildFile; fileRef = 9AE394701C020F8C00FAB1F8 /* Main.storyboard */; };
		9AE394741C020F8C00FAB1F8 /* Assets.xcassets in Resources */ = {isa = PBXBuildFile; fileRef = 9AE394731C020F8C00FAB1F8 /* Assets.xcassets */; };
		9AE394771C020F8C00FAB1F8 /* LaunchScreen.storyboard in Resources */ = {isa = PBXBuildFile; fileRef = 9AE394751C020F8C00FAB1F8 /* LaunchScreen.storyboard */; };
		9AE394801C020FCD00FAB1F8 /* KLoginView.m in Sources */ = {isa = PBXBuildFile; fileRef = 9AE3947F1C020FCD00FAB1F8 /* KLoginView.m */; };
/* End PBXBuildFile section */

/* Begin PBXFileReference section */
		9AE394641C020F8C00FAB1F8 /* IBDesignableDemo.app */ = {isa = PBXFileReference; explicitFileType = wrapper.application; includeInIndex = 0; path = IBDesignableDemo.app; sourceTree = BUILT_PRODUCTS_DIR; };
		9AE394681C020F8C00FAB1F8 /* main.m */ = {isa = PBXFileReference; lastKnownFileType = sourcecode.c.objc; path = main.m; sourceTree = "<group>"; };
		9AE3946A1C020F8C00FAB1F8 /* AppDelegate.h */ = {isa = PBXFileReference; lastKnownFileType = sourcecode.c.h; path = AppDelegate.h; sourceTree = "<group>"; };
		9AE3946B1C020F8C00FAB1F8 /* AppDelegate.m */ = {isa = PBXFileReference; lastKnownFileType = sourcecode.c.objc; path = AppDelegate.m; sourceTree = "<group>"; };
		9AE3946D1C020F8C00FAB1F8 /* ViewController.h */ = {isa = PBXFileReference; lastKnownFileType = sourcecode.c.h; path = ViewController.h; sourceTree = "<group>"; };
		9AE3946E1C020F8C00FAB1F8 /* ViewController.m */ = {isa = PBXFileReference; lastKnownFileType = sourcecode.c.objc; path = ViewController.m; sourceTree = "<group>"; };
		9AE394711C020F8C00FAB1F8 /* Base */ = {isa = PBXFileReference; lastKnownFileType = file.storyboard; name = Base; path = Base.lproj/Main.storyboard; sourceTree = "<group>"; };
		9AE394731C020F8C00FAB1F8 /* Assets.xcassets */ = {isa = PBXFileReference; lastKnownFileType = folder.assetcatalog; path = Assets.xcassets; sourceTree = "<group>"; };
		9AE394761C020F8C00FAB1F8 /* Base */ = {isa = PBXFileReference; lastKnownFileType = file.storyboard; name = Base; path = Base.lproj/LaunchScreen.storyboard; sourceTree = "<group>"; };
		9AE394781C020F8C00FAB1F8 /* Info.plist */ = {isa = PBXFileReference; lastKnownFileType = text.plist.xml; path = Info.plist; sourceTree = "<group>"; };
		9AE3947E1C020FCD00FAB1F8 /* KLoginView.h */ = {isa = PBXFileReference; fileEncoding = 4; lastKnownFileType = sourcecode.c.h; path = KLoginView.h; sourceTree = "<group>"; };
		9AE3947F1C020FCD00FAB1F8 /* KLoginView.m */ = {isa = PBXFileReference; fileEncoding = 4; lastKnownFileType = sourcecode.c.objc; path = KLoginView.m; sourceTree = "<group>"; };
/* End PBXFileReference section */

/* Begin PBXFrameworksBuildPhase section */
		9AE394611C020F8C00FAB1F8 /* Frameworks */ = {
			isa = PBXFrameworksBuildPhase;
			buildActionMask = 2147483647;
			files = (
			);
			runOnlyForDeploymentPostprocessing = 0;
		};
/* End PBXFrameworksBuildPhase section */

/* Begin PBXGroup section */
		9AE3945B1C020F8C00FAB1F8 = {
			isa = PBXGroup;
			children = (
				9AE394661C020F8C00FAB1F8 /* IBDesignableDemo */,
				9AE394651C020F8C00FAB1F8 /* Products */,
			);
			sourceTree = "<group>";
		};
		9AE394651C020F8C00FAB1F8 /* Products */ = {
			isa = PBXGroup;
			children = (
				9AE394641C020F8C00FAB1F8 /* IBDesignableDemo.app */,
			);
			name = Products;
			sourceTree = "<group>";
		};
		9AE394661C020F8C00FAB1F8 /* IBDesignableDemo */ = {
			isa = PBXGroup;
			children = (
				9AE3946A1C020F8C00FAB1F8 /* AppDelegate.h */,
				9AE3946B1C020F8C00FAB1F8 /* AppDelegate.m */,
				9AE3946D1C020F8C00FAB1F8 /* ViewController.h */,
				9AE3946E1C020F8C00FAB1F8 /* ViewController.m */,
				9AE3947E1C020FCD00FAB1F8 /* KLoginView.h */,
				9AE3947F1C020FCD00FAB1F8 /* KLoginView.m */,
				9AE394701C020F8C00FAB1F8 /* Main.storyboard */,
				9AE394731C020F8C00FAB1F8 /* Assets.xcassets */,
				9AE394751C020F8C00FAB1F8 /* LaunchScreen.storyboard */,
				9AE394781C020F8C00FAB1F8 /* Info.plist */,
				9AE394671C020F8C00FAB1F8 /* Supporting Files */,
			);
			path = IBDesignableDemo;
			sourceTree = "<group>";
		};
		9AE394671C020F8C00FAB1F8 /* Supporting Files */ = {
			isa = PBXGroup;
			children = (
				9AE394681C020F8C00FAB1F8 /* main.m */,
			);
			name = "Supporting Files";
			sourceTree = "<group>";
		};
/* End PBXGroup section */

/* Begin PBXNativeTarget section */
		9AE394631C020F8C00FAB1F8 /* IBDesignableDemo */ = {
			isa = PBXNativeTarget;
			buildConfigurationList = 9AE3947B1C020F8C00FAB1F8 /* Build configuration list for PBXNativeTarget "IBDesignableDemo" */;
			buildPhases = (
				9AE394601C020F8C00FAB1F8 /* Sources */,
				9AE394611C020F8C00FAB1F8 /* Frameworks */,
				9AE394621C020F8C00FAB1F8 /* Resources */,
			);
			buildRules = (
			);
			dependencies = (
			);
			name = IBDesignableDemo;
			productName = IBDesignableDemo;
			productReference = 9AE394641C020F8C00FAB1F8 /* IBDesignableDemo.app */;
			productType = "com.apple.product-type.application";
		};
/* End PBXNativeTarget section */

/* Begin PBXProject section */
		9AE3945C1C020F8C00FAB1F8 /* Project object */ = {
			isa = PBXProject;
			attributes = {
				LastUpgradeCheck = 0710;
				ORGANIZATIONNAME = guojunxu;
				TargetAttributes = {
					9AE394631C020F8C00FAB1F8 = {
						CreatedOnToolsVersion = 7.1.1;
					};
				};
			};
			buildConfigurationList = 9AE3945F1C020F8C00FAB1F8 /* Build configuration list for PBXProject "IBDesignableDemo" */;
			compatibilityVersion = "Xcode 3.2";
			developmentRegion = English;
			hasScannedForEncodings = 0;
			knownRegions = (
				en,
				Base,
			);
			mainGroup = 9AE3945B1C020F8C00FAB1F8;
			productRefGroup = 9AE394651C020F8C00FAB1F8 /* Products */;
			projectDirPath = "";
			projectRoot = "";
			targets = (
				9AE394631C020F8C00FAB1F8 /* IBDesignableDemo */,
			);
		};
/* End PBXProject section */

/* Begin PBXResourcesBuildPhase section */
		9AE394621C020F8C00FAB1F8 /* Resources */ = {
			isa = PBXResourcesBuildPhase;
			buildActionMask = 2147483647;
			files = (
				9AE394771C020F8C00FAB1F8 /* LaunchScreen.storyboard in Resources */,
				9AE394741C020F8C00FAB1F8 /* Assets.xcassets in Resources */,
				9AE394721C020F8C00FAB1F8 /* Main.storyboard in Resources */,
			);
			runOnlyForDeploymentPostprocessing = 0;
		};
/* End PBXResourcesBuildPhase section */

/* Begin PBXSourcesBuildPhase section */
		9AE394601C020F8C00FAB1F8 /* Sources */ = {
			isa = PBXSourcesBuildPhase;
			buildActionMask = 2147483647;
			files = (
				9AE3946F1C020F8C00FAB1F8 /* ViewController.m in Sources */,
				9AE3946C1C020F8C00FAB1F8 /* AppDelegate.m in Sources */,
				9AE394801C020FCD00FAB1F8 /* KLoginView.m in Sources */,
				9AE394691C020F8C00FAB1F8 /* main.m in Sources */,
			);
			runOnlyForDeploymentPostprocessing = 0;
		};
/* End PBXSourcesBuildPhase section */

/* Begin PBXVariantGroup section */
		9AE394701C020F8C00FAB1F8 /* Main.storyboard */ = {
			isa = PBXVariantGroup;
			children = (
				9AE394711C020F8C00FAB1F8 /* Base */,
			);
			name = Main.storyboard;
			sourceTree = "<group>";
		};
		9AE394751C020F8C00FAB1F8 /* LaunchScreen.storyboard */ = {
			isa = PBXVariantGroup;
			children = (
				9AE394761C020F8C00FAB1F8 /* Base */,
			);
			name = LaunchScreen.storyboard;
			sourceTree = "<group>";
		};
/* End PBXVariantGroup section */

/* Begin XCBuildConfiguration section */
		9AE394791C020F8C00FAB1F8 /* Debug */ = {
			isa = XCBuildConfiguration;
			buildSettings = {
				ALWAYS_SEARCH_USER_PATHS = NO;
				CLANG_CXX_LANGUAGE_STANDARD = "gnu++0x";
				CLANG_CXX_LIBRARY = "libc++";
				CLANG_ENABLE_MODULES = YES;
				CLANG_ENABLE_OBJC_ARC = YES;
				CLANG_WARN_BOOL_CONVERSION = YES;
				CLANG_WARN_CONSTANT_CONVERSION = YES;
				CLANG_WARN_DIRECT_OBJC_ISA_USAGE = YES_ERROR;
				CLANG_WARN_EMPTY_BODY = YES;
				CLANG_WARN_ENUM_CONVERSION = YES;
				CLANG_WARN_INT_CONVERSION = YES;
				CLANG_WARN_OBJC_ROOT_CLASS = YES_ERROR;
				CLANG_WARN_UNREACHABLE_CODE = YES;
				CLANG_WARN__DUPLICATE_METHOD_MATCH = YES;
				"CODE_SIGN_IDENTITY[sdk=iphoneos*]" = "iPhone Developer";
				COPY_PHASE_STRIP = NO;
				DEBUG_INFORMATION_FORMAT = dwarf;
				ENABLE_STRICT_OBJC_MSGSEND = YES;
				ENABLE_TESTABILITY = YES;
				GCC_C_LANGUAGE_STANDARD = gnu99;
				GCC_DYNAMIC_NO_PIC = NO;
				GCC_NO_COMMON_BLOCKS = YES;
				GCC_OPTIMIZATION_LEVEL = 0;
				GCC_PREPROCESSOR_DEFINITIONS = (
					"DEBUG=1",
					"$(inherited)",
				);
				GCC_WARN_64_TO_32_BIT_CONVERSION = YES;
				GCC_WARN_ABOUT_RETURN_TYPE = YES_ERROR;
				GCC_WARN_UNDECLARED_SELECTOR = YES;
				GCC_WARN_UNINITIALIZED_AUTOS = YES_AGGRESSIVE;
				GCC_WARN_UNUSED_FUNCTION = YES;
				GCC_WARN_UNUSED_VARIABLE = YES;
				IPHONEOS_DEPLOYMENT_TARGET = 9.1;
				MTL_ENABLE_DEBUG_INFO = YES;
				ONLY_ACTIVE_ARCH = YES;
				SDKROOT = iphoneos;
			};
			name = Debug;
		};
		9AE3947A1C020F8C00FAB1F8 /* Release */ = {
			isa = XCBuildConfiguration;
			buildSettings = {
				ALWAYS_SEARCH_USER_PATHS = NO;
				CLANG_CXX_LANGUAGE_STANDARD = "gnu++0x";
				CLANG_CXX_LIBRARY = "libc++";
				CLANG_ENABLE_MODULES = YES;
				CLANG_ENABLE_OBJC_ARC = YES;
				CLANG_WARN_BOOL_CONVERSION = YES;
				CLANG_WARN_CONSTANT_CONVERSION = YES;
				CLANG_WARN_DIRECT_OBJC_ISA_USAGE = YES_ERROR;
				CLANG_WARN_EMPTY_BODY = YES;
				CLANG_WARN_ENUM_CONVERSION = YES;
				CLANG_WARN_INT_CONVERSION = YES;
				CLANG_WARN_OBJC_ROOT_CLASS = YES_ERROR;
				CLANG_WARN_UNREACHABLE_CODE = YES;
				CLANG_WARN__DUPLICATE_METHOD_MATCH = YES;
				"CODE_SIGN_IDENTITY[sdk=iphoneos*]" = "iPhone Developer";
				COPY_PHASE_STRIP = NO;
				DEBUG_INFORMATION_FORMAT = "dwarf-with-dsym";
				ENABLE_NS_ASSERTIONS = NO;
				ENABLE_STRICT_OBJC_MSGSEND = YES;
				GCC_C_LANGUAGE_STANDARD = gnu99;
				GCC_NO_COMMON_BLOCKS = YES;
				GCC_WARN_64_TO_32_BIT_CONVERSION = YES;
				GCC_WARN_ABOUT_RETURN_TYPE = YES_ERROR;
				GCC_WARN_UNDECLARED_SELECTOR = YES;
				GCC_WARN_UNINITIALIZED_AUTOS = YES_AGGRESSIVE;
				GCC_WARN_UNUSED_FUNCTION = YES;
				GCC_WARN_UNUSED_VARIABLE = YES;
				IPHONEOS_DEPLOYMENT_TARGET = 9.1;
				MTL_ENABLE_DEBUG_INFO = NO;
				SDKROOT = iphoneos;
				VALIDATE_PRODUCT = YES;
			};
			name = Release;
		};
		9AE3947C1C020F8C00FAB1F8 /* Debug */ = {
			isa = XCBuildConfiguration;
			buildSettings = {
				ASSETCATALOG_COMPILER_APPICON_NAME = AppIcon;
				INFOPLIST_FILE = IBDesignableDemo/Info.plist;
				LD_RUNPATH_SEARCH_PATHS = "$(inherited) @executable_path/Frameworks";
				PRODUCT_BUNDLE_IDENTIFIER = com.guojunxu.IBDesignableDemo;
				PRODUCT_NAME = "$(TARGET_NAME)";
			};
			name = Debug;
		};
		9AE3947D1C020F8C00FAB1F8 /* Release */ = {
			isa = XCBuildConfiguration;
			buildSettings = {
				ASSETCATALOG_COMPILER_APPICON_NAME = AppIcon;
				INFOPLIST_FILE = IBDesignableDemo/Info.plist;
				LD_RUNPATH_SEARCH_PATHS = "$(inherited) @executable_path/Frameworks";
				PRODUCT_BUNDLE_IDENTIFIER = com.guojunxu.IBDesignableDemo;
				PRODUCT_NAME = "$(TARGET_NAME)";
			};
			name = Release;
		};
/* End XCBuildConfiguration section */

/* Begin XCConfigurationList section */
		9AE3945F1C020F8C00FAB1F8 /* Build configuration list for PBXProject "IBDesignableDemo" */ = {
			isa = XCConfigurationList;
			buildConfigurations = (
				9AE394791C020F8C00FAB1F8 /* Debug */,
				9AE3947A1C020F8C00FAB1F8 /* Release */,
			);
			defaultConfigurationIsVisible = 0;
			defaultConfigurationName = Release;
		};
		9AE3947B1C020F8C00FAB1F8 /* Build configuration list for PBXNativeTarget "IBDesignableDemo" */ = {
			isa = XCConfigurationList;
			buildConfigurations = (
				9AE3947C1C020F8C00FAB1F8 /* Debug */,
				9AE3947D1C020F8C00FAB1F8 /* Release */,
			);
			defaultConfigurationIsVisible = 0;
		};
/* End XCConfigurationList section */
	};
	rootObject = 9AE3945C1C020F8C00FAB1F8 /* Project object */;
}
